
Microsoft Visual Studio Solution File, Format Version 12.00
# Visual Studio 15
VisualStudioVersion = 15.0.26403.7
MinimumVisualStudioVersion = 10.0.40219.1
Project("{FAE04EC0-301F-11D3-BF4B-00C04F79EFBC}") = "App.Core", "App.Core\App.Core.csproj", "{DF7064E6-F491-4269-AAFA-BDF0BF5F84BC}"
EndProject
Project("{FAE04EC0-301F-11D3-BF4B-00C04F79EFBC}") = "App.Api", "App.Api\App.Api.csproj", "{5EA5FE89-65CF-4222-BAAB-3948894FBBBD}"
EndProject
Global
	GlobalSection(SolutionConfigurationPlatforms) = preSolution
		Debug|Any CPU = Debug|Any CPU
		Release|Any CPU = Release|Any CPU
	EndGlobalSection
	GlobalSection(ProjectConfigurationPlatforms) = postSolution
		{DF7064E6-F491-4269-AAFA-BDF0BF5F84BC}.Debug|Any CPU.ActiveCfg = Debug|Any CPU
		{DF7064E6-F491-4269-AAFA-BDF0BF5F84BC}.Debug|Any CPU.Build.0 = Debug|Any CPU
		{DF7064E6-F491-4269-AAFA-BDF0BF5F84BC}.Release|Any CPU.ActiveCfg = Release|Any CPU
		{DF7064E6-F491-4269-AAFA-BDF0BF5F84BC}.Release|Any CPU.Build.0 = Release|Any CPU
		{5EA5FE89-65CF-4222-BAAB-3948894FBBBD}.Debug|Any CPU.ActiveCfg = Debug|Any CPU
		{5EA5FE89-65CF-4222-BAAB-3948894FBBBD}.Debug|Any CPU.Build.0 = Debug|Any CPU
		{5EA5FE89-65CF-4222-BAAB-3948894FBBBD}.Release|Any CPU.ActiveCfg = Release|Any CPU
		{5EA5FE89-65CF-4222-BAAB-3948894FBBBD}.Release|Any CPU.Build.0 = Release|Any CPU
	EndGlobalSection
	GlobalSection(SolutionProperties) = preSolution
		HideSolutionNode = FALSE
	EndGlobalSection
EndGlobal
